
Microsoft Visual Studio Solution File, Format Version 12.00
# Visual Studio Version 17
VisualStudioVersion = 17.11.35219.272
MinimumVisualStudioVersion = 10.0.40219.1
Project("{2150E333-8FDC-42A3-9474-1A3956D46DE8}") = "src", "src", "{490D7911-A6A7-4EEF-B2B0-3A168DCED8A7}"
EndProject
Project("{2150E333-8FDC-42A3-9474-1A3956D46DE8}") = "API", "API", "{C0EE75FC-B501-4A82-8731-CFA905FA6A22}"
EndProject
Project("{2150E333-8FDC-42A3-9474-1A3956D46DE8}") = "APPLICATION", "APPLICATION", "{8DD2AA63-C59D-43AA-B18A-5A4164A50382}"
EndProject
Project("{2150E333-8FDC-42A3-9474-1A3956D46DE8}") = "DOMAIN", "DOMAIN", "{4F04B2AD-788E-4769-B4D1-D4F8D5EC6B6C}"
EndProject
Project("{2150E333-8FDC-42A3-9474-1A3956D46DE8}") = "INFRASTRUCTURE", "INFRASTRUCTURE", "{8C0F79F2-585D-4CC6-9AB7-FC4EB8D91CE7}"
EndProject
Project("{9A19103F-16F7-4668-BE54-9A1E7A4F7556}") = "VENDAS.API", "VENDAS.API\VENDAS.API.csproj", "{A141885C-00BD-4777-8218-B8B074D67825}"
EndProject
Project("{9A19103F-16F7-4668-BE54-9A1E7A4F7556}") = "VENDAS.APPLICATION", "VENDAS.APPLICATION\VENDAS.APPLICATION.csproj", "{E69CA5D8-62E1-4307-8BE0-FAAE170A4847}"
EndProject
Project("{9A19103F-16F7-4668-BE54-9A1E7A4F7556}") = "VENDAS.DOMAIN", "VENDAS.DOMAIN\VENDAS.DOMAIN.csproj", "{2B1757CC-C474-47DA-B714-ABEB29B668C9}"
EndProject
Project("{9A19103F-16F7-4668-BE54-9A1E7A4F7556}") = "VENDAS.INFRASTRUCTURE", "VENDAS.INFRASTRUCTURE\VENDAS.INFRASTRUCTURE.csproj", "{B5C79FA3-7871-4882-8C64-250DDB1D3109}"
EndProject
Project("{2150E333-8FDC-42A3-9474-1A3956D46DE8}") = "TEST", "TEST", "{22EF2E60-55C0-41C4-A714-41A6553E67A5}"
EndProject
Project("{FAE04EC0-301F-11D3-BF4B-00C04F79EFBC}") = "123Vendas.Test", "123Vendas.Test\123Vendas.Test.csproj", "{6516E782-E7AB-42B8-9740-31D08E2D05C8}"
EndProject
Global
	GlobalSection(SolutionConfigurationPlatforms) = preSolution
		Debug|Any CPU = Debug|Any CPU
		Release|Any CPU = Release|Any CPU
	EndGlobalSection
	GlobalSection(ProjectConfigurationPlatforms) = postSolution
		{A141885C-00BD-4777-8218-B8B074D67825}.Debug|Any CPU.ActiveCfg = Debug|Any CPU
		{A141885C-00BD-4777-8218-B8B074D67825}.Debug|Any CPU.Build.0 = Debug|Any CPU
		{A141885C-00BD-4777-8218-B8B074D67825}.Release|Any CPU.ActiveCfg = Release|Any CPU
		{A141885C-00BD-4777-8218-B8B074D67825}.Release|Any CPU.Build.0 = Release|Any CPU
		{E69CA5D8-62E1-4307-8BE0-FAAE170A4847}.Debug|Any CPU.ActiveCfg = Debug|Any CPU
		{E69CA5D8-62E1-4307-8BE0-FAAE170A4847}.Debug|Any CPU.Build.0 = Debug|Any CPU
		{E69CA5D8-62E1-4307-8BE0-FAAE170A4847}.Release|Any CPU.ActiveCfg = Release|Any CPU
		{E69CA5D8-62E1-4307-8BE0-FAAE170A4847}.Release|Any CPU.Build.0 = Release|Any CPU
		{2B1757CC-C474-47DA-B714-ABEB29B668C9}.Debug|Any CPU.ActiveCfg = Debug|Any CPU
		{2B1757CC-C474-47DA-B714-ABEB29B668C9}.Debug|Any CPU.Build.0 = Debug|Any CPU
		{2B1757CC-C474-47DA-B714-ABEB29B668C9}.Release|Any CPU.ActiveCfg = Release|Any CPU
		{2B1757CC-C474-47DA-B714-ABEB29B668C9}.Release|Any CPU.Build.0 = Release|Any CPU
		{B5C79FA3-7871-4882-8C64-250DDB1D3109}.Debug|Any CPU.ActiveCfg = Debug|Any CPU
		{B5C79FA3-7871-4882-8C64-250DDB1D3109}.Debug|Any CPU.Build.0 = Debug|Any CPU
		{B5C79FA3-7871-4882-8C64-250DDB1D3109}.Release|Any CPU.ActiveCfg = Release|Any CPU
		{B5C79FA3-7871-4882-8C64-250DDB1D3109}.Release|Any CPU.Build.0 = Release|Any CPU
		{6516E782-E7AB-42B8-9740-31D08E2D05C8}.Debug|Any CPU.ActiveCfg = Debug|Any CPU
		{6516E782-E7AB-42B8-9740-31D08E2D05C8}.Debug|Any CPU.Build.0 = Debug|Any CPU
		{6516E782-E7AB-42B8-9740-31D08E2D05C8}.Release|Any CPU.ActiveCfg = Release|Any CPU
		{6516E782-E7AB-42B8-9740-31D08E2D05C8}.Release|Any CPU.Build.0 = Release|Any CPU
	EndGlobalSection
	GlobalSection(SolutionProperties) = preSolution
		HideSolutionNode = FALSE
	EndGlobalSection
	GlobalSection(NestedProjects) = preSolution
		{C0EE75FC-B501-4A82-8731-CFA905FA6A22} = {490D7911-A6A7-4EEF-B2B0-3A168DCED8A7}
		{8DD2AA63-C59D-43AA-B18A-5A4164A50382} = {490D7911-A6A7-4EEF-B2B0-3A168DCED8A7}
		{4F04B2AD-788E-4769-B4D1-D4F8D5EC6B6C} = {490D7911-A6A7-4EEF-B2B0-3A168DCED8A7}
		{8C0F79F2-585D-4CC6-9AB7-FC4EB8D91CE7} = {490D7911-A6A7-4EEF-B2B0-3A168DCED8A7}
		{A141885C-00BD-4777-8218-B8B074D67825} = {C0EE75FC-B501-4A82-8731-CFA905FA6A22}
		{E69CA5D8-62E1-4307-8BE0-FAAE170A4847} = {8DD2AA63-C59D-43AA-B18A-5A4164A50382}
		{2B1757CC-C474-47DA-B714-ABEB29B668C9} = {4F04B2AD-788E-4769-B4D1-D4F8D5EC6B6C}
		{B5C79FA3-7871-4882-8C64-250DDB1D3109} = {8C0F79F2-585D-4CC6-9AB7-FC4EB8D91CE7}
		{22EF2E60-55C0-41C4-A714-41A6553E67A5} = {490D7911-A6A7-4EEF-B2B0-3A168DCED8A7}
		{6516E782-E7AB-42B8-9740-31D08E2D05C8} = {22EF2E60-55C0-41C4-A714-41A6553E67A5}
	EndGlobalSection
	GlobalSection(ExtensibilityGlobals) = postSolution
		SolutionGuid = {ABFD532A-FD7C-4440-8AE8-27E2AB596D06}
	EndGlobalSection
EndGlobal
